
Microsoft Visual Studio Solution File, Format Version 12.00
# Visual Studio 15
VisualStudioVersion = 15.0.27428.2005
MinimumVisualStudioVersion = 10.0.40219.1
Project("{FAE04EC0-301F-11D3-BF4B-00C04F79EFBC}") = "Store", "Store\Store.csproj", "{16195A88-0D99-47E6-906B-A18E62205C3B}"
EndProject
Global
	GlobalSection(SolutionConfigurationPlatforms) = preSolution
		Debug|Any CPU = Debug|Any CPU
		Release|Any CPU = Release|Any CPU
	EndGlobalSection
	GlobalSection(ProjectConfigurationPlatforms) = postSolution
		{16195A88-0D99-47E6-906B-A18E62205C3B}.Debug|Any CPU.ActiveCfg = Debug|Any CPU
		{16195A88-0D99-47E6-906B-A18E62205C3B}.Debug|Any CPU.Build.0 = Debug|Any CPU
		{16195A88-0D99-47E6-906B-A18E62205C3B}.Release|Any CPU.ActiveCfg = Release|Any CPU
		{16195A88-0D99-47E6-906B-A18E62205C3B}.Release|Any CPU.Build.0 = Release|Any CPU
	EndGlobalSection
	GlobalSection(SolutionProperties) = preSolution
		HideSolutionNode = FALSE
	EndGlobalSection
	GlobalSection(ExtensibilityGlobals) = postSolution
		SolutionGuid = {212E921E-753D-4588-8232-810035F6E4E6}
	EndGlobalSection
EndGlobal
